
Microsoft Visual Studio Solution File, Format Version 12.00
# Visual Studio 15
VisualStudioVersion = 15.0.27130.2027
MinimumVisualStudioVersion = 10.0.40219.1
Project("{9092AA53-FB77-4645-B42D-1CCCA6BD08BD}") = "FabioAlexandreCiconi_COMP308Lab1", "FabioAlexandreCiconi_COMP308Lab1\FabioAlexandreCiconi_COMP308Lab1.njsproj", "{8EA22039-4C99-4042-923A-9F6469E25C90}"
EndProject
Global
	GlobalSection(SolutionConfigurationPlatforms) = preSolution
		Debug|Any CPU = Debug|Any CPU
		Release|Any CPU = Release|Any CPU
	EndGlobalSection
	GlobalSection(ProjectConfigurationPlatforms) = postSolution
		{8EA22039-4C99-4042-923A-9F6469E25C90}.Debug|Any CPU.ActiveCfg = Debug|Any CPU
		{8EA22039-4C99-4042-923A-9F6469E25C90}.Debug|Any CPU.Build.0 = Debug|Any CPU
		{8EA22039-4C99-4042-923A-9F6469E25C90}.Release|Any CPU.ActiveCfg = Release|Any CPU
		{8EA22039-4C99-4042-923A-9F6469E25C90}.Release|Any CPU.Build.0 = Release|Any CPU
	EndGlobalSection
	GlobalSection(SolutionProperties) = preSolution
		HideSolutionNode = FALSE
	EndGlobalSection
	GlobalSection(ExtensibilityGlobals) = postSolution
		SolutionGuid = {02292D87-06A5-467C-9A12-B497FFD01F4B}
	EndGlobalSection
EndGlobal
